
Microsoft Visual Studio Solution File, Format Version 12.00
# Visual Studio Version 17
VisualStudioVersion = 17.12.35707.178
MinimumVisualStudioVersion = 10.0.40219.1
Project("{FAE04EC0-301F-11D3-BF4B-00C04F79EFBC}") = "DemoOefeningen", "DemoOefeningen\DemoOefeningen.csproj", "{15C909FE-742D-4F8B-BFF6-38C15A05DFF2}"
EndProject
Project("{FAE04EC0-301F-11D3-BF4B-00C04F79EFBC}") = "H10-Clock", "H10-Clock\H10-Clock.csproj", "{D92B5362-16D2-4CFF-93E6-D51820D51400}"
EndProject
Project("{FAE04EC0-301F-11D3-BF4B-00C04F79EFBC}") = "H10-Birthday", "H10-Birthday\H10-Birthday.csproj", "{4133373A-6090-48D5-BB8E-8D8D3786947A}"
EndProject
Project("{FAE04EC0-301F-11D3-BF4B-00C04F79EFBC}") = "H10-DayOfTheWeek", "H10-DayOfTheWeek\H10-DayOfTheWeek.csproj", "{22DDA4B7-CD48-4774-ADDB-EA0AB1B8B2A3}"
EndProject
Project("{FAE04EC0-301F-11D3-BF4B-00C04F79EFBC}") = "H13-PhoneBookNameNumber", "H13-PhoneBookNameNumber\H13-PhoneBookNameNumber.csproj", "{4B44EAD6-CAD5-4DAB-AE5D-792841705DC2}"
EndProject
Project("{FAE04EC0-301F-11D3-BF4B-00C04F79EFBC}") = "H14-PostOffice", "H14-PostOffice\H14-PostOffice.csproj", "{DD83D322-C5D6-4995-A493-03D0B3319A9E}"
EndProject
Project("{FAE04EC0-301F-11D3-BF4B-00C04F79EFBC}") = "H10-TicksSince", "H10-TicksSince\H10-TicksSince.csproj", "{06C55989-1A99-4CBD-A456-D7B61CB62E7C}"
EndProject
Project("{FAE04EC0-301F-11D3-BF4B-00C04F79EFBC}") = "H10-LeapYearCount", "H10-LeapYearCount\H10-LeapYearCount.csproj", "{35253CEC-3131-4E4B-B03E-CA9ABE8CDD5A}"
EndProject
Project("{FAE04EC0-301F-11D3-BF4B-00C04F79EFBC}") = "H10-CodeTiming", "H10-CodeTiming\H10-CodeTiming.csproj", "{9A073481-79BA-4AD2-AE76-8B5DC8AF6E1E}"
EndProject
Project("{FAE04EC0-301F-11D3-BF4B-00C04F79EFBC}") = "H10-CombinationOf2Numbers", "H10-CombinationOf2Numbers\H10-CombinationOf2Numbers.csproj", "{0DFBF267-B625-414E-9FFA-438B1DBABE00}"
EndProject
Global
	GlobalSection(SolutionConfigurationPlatforms) = preSolution
		Debug|Any CPU = Debug|Any CPU
		Release|Any CPU = Release|Any CPU
	EndGlobalSection
	GlobalSection(ProjectConfigurationPlatforms) = postSolution
		{15C909FE-742D-4F8B-BFF6-38C15A05DFF2}.Debug|Any CPU.ActiveCfg = Debug|Any CPU
		{15C909FE-742D-4F8B-BFF6-38C15A05DFF2}.Debug|Any CPU.Build.0 = Debug|Any CPU
		{15C909FE-742D-4F8B-BFF6-38C15A05DFF2}.Release|Any CPU.ActiveCfg = Release|Any CPU
		{15C909FE-742D-4F8B-BFF6-38C15A05DFF2}.Release|Any CPU.Build.0 = Release|Any CPU
		{D92B5362-16D2-4CFF-93E6-D51820D51400}.Debug|Any CPU.ActiveCfg = Debug|Any CPU
		{D92B5362-16D2-4CFF-93E6-D51820D51400}.Debug|Any CPU.Build.0 = Debug|Any CPU
		{D92B5362-16D2-4CFF-93E6-D51820D51400}.Release|Any CPU.ActiveCfg = Release|Any CPU
		{D92B5362-16D2-4CFF-93E6-D51820D51400}.Release|Any CPU.Build.0 = Release|Any CPU
		{4133373A-6090-48D5-BB8E-8D8D3786947A}.Debug|Any CPU.ActiveCfg = Debug|Any CPU
		{4133373A-6090-48D5-BB8E-8D8D3786947A}.Debug|Any CPU.Build.0 = Debug|Any CPU
		{4133373A-6090-48D5-BB8E-8D8D3786947A}.Release|Any CPU.ActiveCfg = Release|Any CPU
		{4133373A-6090-48D5-BB8E-8D8D3786947A}.Release|Any CPU.Build.0 = Release|Any CPU
		{22DDA4B7-CD48-4774-ADDB-EA0AB1B8B2A3}.Debug|Any CPU.ActiveCfg = Debug|Any CPU
		{22DDA4B7-CD48-4774-ADDB-EA0AB1B8B2A3}.Debug|Any CPU.Build.0 = Debug|Any CPU
		{22DDA4B7-CD48-4774-ADDB-EA0AB1B8B2A3}.Release|Any CPU.ActiveCfg = Release|Any CPU
		{22DDA4B7-CD48-4774-ADDB-EA0AB1B8B2A3}.Release|Any CPU.Build.0 = Release|Any CPU
		{4B44EAD6-CAD5-4DAB-AE5D-792841705DC2}.Debug|Any CPU.ActiveCfg = Debug|Any CPU
		{4B44EAD6-CAD5-4DAB-AE5D-792841705DC2}.Debug|Any CPU.Build.0 = Debug|Any CPU
		{4B44EAD6-CAD5-4DAB-AE5D-792841705DC2}.Release|Any CPU.ActiveCfg = Release|Any CPU
		{4B44EAD6-CAD5-4DAB-AE5D-792841705DC2}.Release|Any CPU.Build.0 = Release|Any CPU
		{DD83D322-C5D6-4995-A493-03D0B3319A9E}.Debug|Any CPU.ActiveCfg = Debug|Any CPU
		{DD83D322-C5D6-4995-A493-03D0B3319A9E}.Debug|Any CPU.Build.0 = Debug|Any CPU
		{DD83D322-C5D6-4995-A493-03D0B3319A9E}.Release|Any CPU.ActiveCfg = Release|Any CPU
		{DD83D322-C5D6-4995-A493-03D0B3319A9E}.Release|Any CPU.Build.0 = Release|Any CPU
		{06C55989-1A99-4CBD-A456-D7B61CB62E7C}.Debug|Any CPU.ActiveCfg = Debug|Any CPU
		{06C55989-1A99-4CBD-A456-D7B61CB62E7C}.Debug|Any CPU.Build.0 = Debug|Any CPU
		{06C55989-1A99-4CBD-A456-D7B61CB62E7C}.Release|Any CPU.ActiveCfg = Release|Any CPU
		{06C55989-1A99-4CBD-A456-D7B61CB62E7C}.Release|Any CPU.Build.0 = Release|Any CPU
		{35253CEC-3131-4E4B-B03E-CA9ABE8CDD5A}.Debug|Any CPU.ActiveCfg = Debug|Any CPU
		{35253CEC-3131-4E4B-B03E-CA9ABE8CDD5A}.Debug|Any CPU.Build.0 = Debug|Any CPU
		{35253CEC-3131-4E4B-B03E-CA9ABE8CDD5A}.Release|Any CPU.ActiveCfg = Release|Any CPU
		{35253CEC-3131-4E4B-B03E-CA9ABE8CDD5A}.Release|Any CPU.Build.0 = Release|Any CPU
		{9A073481-79BA-4AD2-AE76-8B5DC8AF6E1E}.Debug|Any CPU.ActiveCfg = Debug|Any CPU
		{9A073481-79BA-4AD2-AE76-8B5DC8AF6E1E}.Debug|Any CPU.Build.0 = Debug|Any CPU
		{9A073481-79BA-4AD2-AE76-8B5DC8AF6E1E}.Release|Any CPU.ActiveCfg = Release|Any CPU
		{9A073481-79BA-4AD2-AE76-8B5DC8AF6E1E}.Release|Any CPU.Build.0 = Release|Any CPU
		{0DFBF267-B625-414E-9FFA-438B1DBABE00}.Debug|Any CPU.ActiveCfg = Debug|Any CPU
		{0DFBF267-B625-414E-9FFA-438B1DBABE00}.Debug|Any CPU.Build.0 = Debug|Any CPU
		{0DFBF267-B625-414E-9FFA-438B1DBABE00}.Release|Any CPU.ActiveCfg = Release|Any CPU
		{0DFBF267-B625-414E-9FFA-438B1DBABE00}.Release|Any CPU.Build.0 = Release|Any CPU
	EndGlobalSection
	GlobalSection(SolutionProperties) = preSolution
		HideSolutionNode = FALSE
	EndGlobalSection
	GlobalSection(ExtensibilityGlobals) = postSolution
		SolutionGuid = {9A964E18-B264-4C9B-8608-2E95EF17F198}
	EndGlobalSection
EndGlobal
